// !$*UTF8*$!
{
	archiveVersion = 1;
	classes = {
	};
	objectVersion = 50;
	objects = {

/* Begin PBXBuildFile section */
		18815C9322C3F3EC0030B36C /* AppDelegate.swift in Sources */ = {isa = PBXBuildFile; fileRef = 18815C9222C3F3EC0030B36C /* AppDelegate.swift */; };
		18815C9522C3F3EC0030B36C /* ViewController.swift in Sources */ = {isa = PBXBuildFile; fileRef = 18815C9422C3F3EC0030B36C /* ViewController.swift */; };
		18815C9822C3F3EC0030B36C /* Main.storyboard in Resources */ = {isa = PBXBuildFile; fileRef = 18815C9622C3F3EC0030B36C /* Main.storyboard */; };
		18815C9B22C3F3EC0030B36C /* gotMovies_.xcdatamodeld in Sources */ = {isa = PBXBuildFile; fileRef = 18815C9922C3F3EC0030B36C /* gotMovies_.xcdatamodeld */; };
		18815C9D22C3F3ED0030B36C /* Assets.xcassets in Resources */ = {isa = PBXBuildFile; fileRef = 18815C9C22C3F3ED0030B36C /* Assets.xcassets */; };
		18815CA022C3F3ED0030B36C /* LaunchScreen.storyboard in Resources */ = {isa = PBXBuildFile; fileRef = 18815C9E22C3F3ED0030B36C /* LaunchScreen.storyboard */; };
		18815CAB22C3F3ED0030B36C /* gotMovies_Tests.swift in Sources */ = {isa = PBXBuildFile; fileRef = 18815CAA22C3F3ED0030B36C /* gotMovies_Tests.swift */; };
		18815CB622C3F3ED0030B36C /* gotMovies_UITests.swift in Sources */ = {isa = PBXBuildFile; fileRef = 18815CB522C3F3ED0030B36C /* gotMovies_UITests.swift */; };
		18815CC422C550590030B36C /* popcorn-movie-time-512.png in Resources */ = {isa = PBXBuildFile; fileRef = 18815CC322C550590030B36C /* popcorn-movie-time-512.png */; };
/* End PBXBuildFile section */

/* Begin PBXContainerItemProxy section */
		18815CA722C3F3ED0030B36C /* PBXContainerItemProxy */ = {
			isa = PBXContainerItemProxy;
			containerPortal = 18815C8722C3F3EC0030B36C /* Project object */;
			proxyType = 1;
			remoteGlobalIDString = 18815C8E22C3F3EC0030B36C;
			remoteInfo = "gotMovies?";
		};
		18815CB222C3F3ED0030B36C /* PBXContainerItemProxy */ = {
			isa = PBXContainerItemProxy;
			containerPortal = 18815C8722C3F3EC0030B36C /* Project object */;
			proxyType = 1;
			remoteGlobalIDString = 18815C8E22C3F3EC0030B36C;
			remoteInfo = "gotMovies?";
		};
/* End PBXContainerItemProxy section */

/* Begin PBXFileReference section */
		18815C8F22C3F3EC0030B36C /* gotMovies?.app */ = {isa = PBXFileReference; explicitFileType = wrapper.application; includeInIndex = 0; path = "gotMovies?.app"; sourceTree = BUILT_PRODUCTS_DIR; };
		18815C9222C3F3EC0030B36C /* AppDelegate.swift */ = {isa = PBXFileReference; lastKnownFileType = sourcecode.swift; path = AppDelegate.swift; sourceTree = "<group>"; };
		18815C9422C3F3EC0030B36C /* ViewController.swift */ = {isa = PBXFileReference; lastKnownFileType = sourcecode.swift; path = ViewController.swift; sourceTree = "<group>"; };
		18815C9722C3F3EC0030B36C /* Base */ = {isa = PBXFileReference; lastKnownFileType = file.storyboard; name = Base; path = Base.lproj/Main.storyboard; sourceTree = "<group>"; };
		18815C9A22C3F3EC0030B36C /* gotMovies_.xcdatamodel */ = {isa = PBXFileReference; lastKnownFileType = wrapper.xcdatamodel; path = gotMovies_.xcdatamodel; sourceTree = "<group>"; };
		18815C9C22C3F3ED0030B36C /* Assets.xcassets */ = {isa = PBXFileReference; lastKnownFileType = folder.assetcatalog; path = Assets.xcassets; sourceTree = "<group>"; };
		18815C9F22C3F3ED0030B36C /* Base */ = {isa = PBXFileReference; lastKnownFileType = file.storyboard; name = Base; path = Base.lproj/LaunchScreen.storyboard; sourceTree = "<group>"; };
		18815CA122C3F3ED0030B36C /* Info.plist */ = {isa = PBXFileReference; lastKnownFileType = text.plist.xml; path = Info.plist; sourceTree = "<group>"; };
		18815CA622C3F3ED0030B36C /* gotMovies?Tests.xctest */ = {isa = PBXFileReference; explicitFileType = wrapper.cfbundle; includeInIndex = 0; path = "gotMovies?Tests.xctest"; sourceTree = BUILT_PRODUCTS_DIR; };
		18815CAA22C3F3ED0030B36C /* gotMovies_Tests.swift */ = {isa = PBXFileReference; lastKnownFileType = sourcecode.swift; path = gotMovies_Tests.swift; sourceTree = "<group>"; };
		18815CAC22C3F3ED0030B36C /* Info.plist */ = {isa = PBXFileReference; lastKnownFileType = text.plist.xml; path = Info.plist; sourceTree = "<group>"; };
		18815CB122C3F3ED0030B36C /* gotMovies?UITests.xctest */ = {isa = PBXFileReference; explicitFileType = wrapper.cfbundle; includeInIndex = 0; path = "gotMovies?UITests.xctest"; sourceTree = BUILT_PRODUCTS_DIR; };
		18815CB522C3F3ED0030B36C /* gotMovies_UITests.swift */ = {isa = PBXFileReference; lastKnownFileType = sourcecode.swift; path = gotMovies_UITests.swift; sourceTree = "<group>"; };
		18815CB722C3F3ED0030B36C /* Info.plist */ = {isa = PBXFileReference; lastKnownFileType = text.plist.xml; path = Info.plist; sourceTree = "<group>"; };
		18815CC322C550590030B36C /* popcorn-movie-time-512.png */ = {isa = PBXFileReference; lastKnownFileType = image.png; name = "popcorn-movie-time-512.png"; path = "../popcorn-movie-time-512.png"; sourceTree = "<group>"; };
/* End PBXFileReference section */

/* Begin PBXFrameworksBuildPhase section */
		18815C8C22C3F3EC0030B36C /* Frameworks */ = {
			isa = PBXFrameworksBuildPhase;
			buildActionMask = 2147483647;
			files = (
			);
			runOnlyForDeploymentPostprocessing = 0;
		};
		18815CA322C3F3ED0030B36C /* Frameworks */ = {
			isa = PBXFrameworksBuildPhase;
			buildActionMask = 2147483647;
			files = (
			);
			runOnlyForDeploymentPostprocessing = 0;
		};
		18815CAE22C3F3ED0030B36C /* Frameworks */ = {
			isa = PBXFrameworksBuildPhase;
			buildActionMask = 2147483647;
			files = (
			);
			runOnlyForDeploymentPostprocessing = 0;
		};
/* End PBXFrameworksBuildPhase section */

/* Begin PBXGroup section */
		18815C8622C3F3EC0030B36C = {
			isa = PBXGroup;
			children = (
				18815C9122C3F3EC0030B36C /* gotMovies? */,
				18815CA922C3F3ED0030B36C /* gotMovies?Tests */,
				18815CB422C3F3ED0030B36C /* gotMovies?UITests */,
				18815C9022C3F3EC0030B36C /* Products */,
				18815CC322C550590030B36C /* popcorn-movie-time-512.png */,
			);
			sourceTree = "<group>";
		};
		18815C9022C3F3EC0030B36C /* Products */ = {
			isa = PBXGroup;
			children = (
				18815C8F22C3F3EC0030B36C /* gotMovies?.app */,
				18815CA622C3F3ED0030B36C /* gotMovies?Tests.xctest */,
				18815CB122C3F3ED0030B36C /* gotMovies?UITests.xctest */,
			);
			name = Products;
			sourceTree = "<group>";
		};
		18815C9122C3F3EC0030B36C /* gotMovies? */ = {
			isa = PBXGroup;
			children = (
				18815C9222C3F3EC0030B36C /* AppDelegate.swift */,
				18815C9422C3F3EC0030B36C /* ViewController.swift */,
				18815C9622C3F3EC0030B36C /* Main.storyboard */,
				18815C9C22C3F3ED0030B36C /* Assets.xcassets */,
				18815C9E22C3F3ED0030B36C /* LaunchScreen.storyboard */,
				18815CA122C3F3ED0030B36C /* Info.plist */,
				18815C9922C3F3EC0030B36C /* gotMovies_.xcdatamodeld */,
			);
			path = "gotMovies?";
			sourceTree = "<group>";
		};
		18815CA922C3F3ED0030B36C /* gotMovies?Tests */ = {
			isa = PBXGroup;
			children = (
				18815CAA22C3F3ED0030B36C /* gotMovies_Tests.swift */,
				18815CAC22C3F3ED0030B36C /* Info.plist */,
			);
			path = "gotMovies?Tests";
			sourceTree = "<group>";
		};
		18815CB422C3F3ED0030B36C /* gotMovies?UITests */ = {
			isa = PBXGroup;
			children = (
				18815CB522C3F3ED0030B36C /* gotMovies_UITests.swift */,
				18815CB722C3F3ED0030B36C /* Info.plist */,
			);
			path = "gotMovies?UITests";
			sourceTree = "<group>";
		};
/* End PBXGroup section */

/* Begin PBXNativeTarget section */
		18815C8E22C3F3EC0030B36C /* gotMovies? */ = {
			isa = PBXNativeTarget;
			buildConfigurationList = 18815CBA22C3F3ED0030B36C /* Build configuration list for PBXNativeTarget "gotMovies?" */;
			buildPhases = (
				18815C8B22C3F3EC0030B36C /* Sources */,
				18815C8C22C3F3EC0030B36C /* Frameworks */,
				18815C8D22C3F3EC0030B36C /* Resources */,
			);
			buildRules = (
			);
			dependencies = (
			);
			name = "gotMovies?";
			productName = "gotMovies?";
			productReference = 18815C8F22C3F3EC0030B36C /* gotMovies?.app */;
			productType = "com.apple.product-type.application";
		};
		18815CA522C3F3ED0030B36C /* gotMovies?Tests */ = {
			isa = PBXNativeTarget;
			buildConfigurationList = 18815CBD22C3F3ED0030B36C /* Build configuration list for PBXNativeTarget "gotMovies?Tests" */;
			buildPhases = (
				18815CA222C3F3ED0030B36C /* Sources */,
				18815CA322C3F3ED0030B36C /* Frameworks */,
				18815CA422C3F3ED0030B36C /* Resources */,
			);
			buildRules = (
			);
			dependencies = (
				18815CA822C3F3ED0030B36C /* PBXTargetDependency */,
			);
			name = "gotMovies?Tests";
			productName = "gotMovies?Tests";
			productReference = 18815CA622C3F3ED0030B36C /* gotMovies?Tests.xctest */;
			productType = "com.apple.product-type.bundle.unit-test";
		};
		18815CB022C3F3ED0030B36C /* gotMovies?UITests */ = {
			isa = PBXNativeTarget;
			buildConfigurationList = 18815CC022C3F3ED0030B36C /* Build configuration list for PBXNativeTarget "gotMovies?UITests" */;
			buildPhases = (
				18815CAD22C3F3ED0030B36C /* Sources */,
				18815CAE22C3F3ED0030B36C /* Frameworks */,
				18815CAF22C3F3ED0030B36C /* Resources */,
			);
			buildRules = (
			);
			dependencies = (
				18815CB322C3F3ED0030B36C /* PBXTargetDependency */,
			);
			name = "gotMovies?UITests";
			productName = "gotMovies?UITests";
			productReference = 18815CB122C3F3ED0030B36C /* gotMovies?UITests.xctest */;
			productType = "com.apple.product-type.bundle.ui-testing";
		};
/* End PBXNativeTarget section */

/* Begin PBXProject section */
		18815C8722C3F3EC0030B36C /* Project object */ = {
			isa = PBXProject;
			attributes = {
				LastSwiftUpdateCheck = 1020;
				LastUpgradeCheck = 1020;
				ORGANIZATIONNAME = Apple;
				TargetAttributes = {
					18815C8E22C3F3EC0030B36C = {
						CreatedOnToolsVersion = 10.2.1;
					};
					18815CA522C3F3ED0030B36C = {
						CreatedOnToolsVersion = 10.2.1;
						TestTargetID = 18815C8E22C3F3EC0030B36C;
					};
					18815CB022C3F3ED0030B36C = {
						CreatedOnToolsVersion = 10.2.1;
						TestTargetID = 18815C8E22C3F3EC0030B36C;
					};
				};
			};
			buildConfigurationList = 18815C8A22C3F3EC0030B36C /* Build configuration list for PBXProject "gotMovies?" */;
			compatibilityVersion = "Xcode 9.3";
			developmentRegion = en;
			hasScannedForEncodings = 0;
			knownRegions = (
				en,
				Base,
			);
			mainGroup = 18815C8622C3F3EC0030B36C;
			productRefGroup = 18815C9022C3F3EC0030B36C /* Products */;
			projectDirPath = "";
			projectRoot = "";
			targets = (
				18815C8E22C3F3EC0030B36C /* gotMovies? */,
				18815CA522C3F3ED0030B36C /* gotMovies?Tests */,
				18815CB022C3F3ED0030B36C /* gotMovies?UITests */,
			);
		};
/* End PBXProject section */

/* Begin PBXResourcesBuildPhase section */
		18815C8D22C3F3EC0030B36C /* Resources */ = {
			isa = PBXResourcesBuildPhase;
			buildActionMask = 2147483647;
			files = (
				18815CC422C550590030B36C /* popcorn-movie-time-512.png in Resources */,
				18815CA022C3F3ED0030B36C /* LaunchScreen.storyboard in Resources */,
				18815C9D22C3F3ED0030B36C /* Assets.xcassets in Resources */,
				18815C9822C3F3EC0030B36C /* Main.storyboard in Resources */,
			);
			runOnlyForDeploymentPostprocessing = 0;
		};
		18815CA422C3F3ED0030B36C /* Resources */ = {
			isa = PBXResourcesBuildPhase;
			buildActionMask = 2147483647;
			files = (
			);
			runOnlyForDeploymentPostprocessing = 0;
		};
		18815CAF22C3F3ED0030B36C /* Resources */ = {
			isa = PBXResourcesBuildPhase;
			buildActionMask = 2147483647;
			files = (
			);
			runOnlyForDeploymentPostprocessing = 0;
		};
/* End PBXResourcesBuildPhase section */

/* Begin PBXSourcesBuildPhase section */
		18815C8B22C3F3EC0030B36C /* Sources */ = {
			isa = PBXSourcesBuildPhase;
			buildActionMask = 2147483647;
			files = (
				18815C9522C3F3EC0030B36C /* ViewController.swift in Sources */,
				18815C9B22C3F3EC0030B36C /* gotMovies_.xcdatamodeld in Sources */,
				18815C9322C3F3EC0030B36C /* AppDelegate.swift in Sources */,
			);
			runOnlyForDeploymentPostprocessing = 0;
		};
		18815CA222C3F3ED0030B36C /* Sources */ = {
			isa = PBXSourcesBuildPhase;
			buildActionMask = 2147483647;
			files = (
				18815CAB22C3F3ED0030B36C /* gotMovies_Tests.swift in Sources */,
			);
			runOnlyForDeploymentPostprocessing = 0;
		};
		18815CAD22C3F3ED0030B36C /* Sources */ = {
			isa = PBXSourcesBuildPhase;
			buildActionMask = 2147483647;
			files = (
				18815CB622C3F3ED0030B36C /* gotMovies_UITests.swift in Sources */,
			);
			runOnlyForDeploymentPostprocessing = 0;
		};
/* End PBXSourcesBuildPhase section */

/* Begin PBXTargetDependency section */
		18815CA822C3F3ED0030B36C /* PBXTargetDependency */ = {
			isa = PBXTargetDependency;
			target = 18815C8E22C3F3EC0030B36C /* gotMovies? */;
			targetProxy = 18815CA722C3F3ED0030B36C /* PBXContainerItemProxy */;
		};
		18815CB322C3F3ED0030B36C /* PBXTargetDependency */ = {
			isa = PBXTargetDependency;
			target = 18815C8E22C3F3EC0030B36C /* gotMovies? */;
			targetProxy = 18815CB222C3F3ED0030B36C /* PBXContainerItemProxy */;
		};
/* End PBXTargetDependency section */

/* Begin PBXVariantGroup section */
		18815C9622C3F3EC0030B36C /* Main.storyboard */ = {
			isa = PBXVariantGroup;
			children = (
				18815C9722C3F3EC0030B36C /* Base */,
			);
			name = Main.storyboard;
			sourceTree = "<group>";
		};
		18815C9E22C3F3ED0030B36C /* LaunchScreen.storyboard */ = {
			isa = PBXVariantGroup;
			children = (
				18815C9F22C3F3ED0030B36C /* Base */,
			);
			name = LaunchScreen.storyboard;
			sourceTree = "<group>";
		};
/* End PBXVariantGroup section */

/* Begin XCBuildConfiguration section */
		18815CB822C3F3ED0030B36C /* Debug */ = {
			isa = XCBuildConfiguration;
			buildSettings = {
				ALWAYS_SEARCH_USER_PATHS = NO;
				CLANG_ANALYZER_NONNULL = YES;
				CLANG_ANALYZER_NUMBER_OBJECT_CONVERSION = YES_AGGRESSIVE;
				CLANG_CXX_LANGUAGE_STANDARD = "gnu++14";
				CLANG_CXX_LIBRARY = "libc++";
				CLANG_ENABLE_MODULES = YES;
				CLANG_ENABLE_OBJC_ARC = YES;
				CLANG_ENABLE_OBJC_WEAK = YES;
				CLANG_WARN_BLOCK_CAPTURE_AUTORELEASING = YES;
				CLANG_WARN_BOOL_CONVERSION = YES;
				CLANG_WARN_COMMA = YES;
				CLANG_WARN_CONSTANT_CONVERSION = YES;
				CLANG_WARN_DEPRECATED_OBJC_IMPLEMENTATIONS = YES;
				CLANG_WARN_DIRECT_OBJC_ISA_USAGE = YES_ERROR;
				CLANG_WARN_DOCUMENTATION_COMMENTS = YES;
				CLANG_WARN_EMPTY_BODY = YES;
				CLANG_WARN_ENUM_CONVERSION = YES;
				CLANG_WARN_INFINITE_RECURSION = YES;
				CLANG_WARN_INT_CONVERSION = YES;
				CLANG_WARN_NON_LITERAL_NULL_CONVERSION = YES;
				CLANG_WARN_OBJC_IMPLICIT_RETAIN_SELF = YES;
				CLANG_WARN_OBJC_LITERAL_CONVERSION = YES;
				CLANG_WARN_OBJC_ROOT_CLASS = YES_ERROR;
				CLANG_WARN_RANGE_LOOP_ANALYSIS = YES;
				CLANG_WARN_STRICT_PROTOTYPES = YES;
				CLANG_WARN_SUSPICIOUS_MOVE = YES;
				CLANG_WARN_UNGUARDED_AVAILABILITY = YES_AGGRESSIVE;
				CLANG_WARN_UNREACHABLE_CODE = YES;
				CLANG_WARN__DUPLICATE_METHOD_MATCH = YES;
				CODE_SIGN_IDENTITY = "iPhone Developer";
				COPY_PHASE_STRIP = NO;
				DEBUG_INFORMATION_FORMAT = dwarf;
				ENABLE_STRICT_OBJC_MSGSEND = YES;
				ENABLE_TESTABILITY = YES;
				GCC_C_LANGUAGE_STANDARD = gnu11;
				GCC_DYNAMIC_NO_PIC = NO;
				GCC_NO_COMMON_BLOCKS = YES;
				GCC_OPTIMIZATION_LEVEL = 0;
				GCC_PREPROCESSOR_DEFINITIONS = (
					"DEBUG=1",
					"$(inherited)",
				);
				GCC_WARN_64_TO_32_BIT_CONVERSION = YES;
				GCC_WARN_ABOUT_RETURN_TYPE = YES_ERROR;
				GCC_WARN_UNDECLARED_SELECTOR = YES;
				GCC_WARN_UNINITIALIZED_AUTOS = YES_AGGRESSIVE;
				GCC_WARN_UNUSED_FUNCTION = YES;
				GCC_WARN_UNUSED_VARIABLE = YES;
				IPHONEOS_DEPLOYMENT_TARGET = 12.2;
				MTL_ENABLE_DEBUG_INFO = INCLUDE_SOURCE;
				MTL_FAST_MATH = YES;
				ONLY_ACTIVE_ARCH = YES;
				SDKROOT = iphoneos;
				SWIFT_ACTIVE_COMPILATION_CONDITIONS = DEBUG;
				SWIFT_OPTIMIZATION_LEVEL = "-Onone";
			};
			name = Debug;
		};
		18815CB922C3F3ED0030B36C /* Release */ = {
			isa = XCBuildConfiguration;
			buildSettings = {
				ALWAYS_SEARCH_USER_PATHS = NO;
				CLANG_ANALYZER_NONNULL = YES;
				CLANG_ANALYZER_NUMBER_OBJECT_CONVERSION = YES_AGGRESSIVE;
				CLANG_CXX_LANGUAGE_STANDARD = "gnu++14";
				CLANG_CXX_LIBRARY = "libc++";
				CLANG_ENABLE_MODULES = YES;
				CLANG_ENABLE_OBJC_ARC = YES;
				CLANG_ENABLE_OBJC_WEAK = YES;
				CLANG_WARN_BLOCK_CAPTURE_AUTORELEASING = YES;
				CLANG_WARN_BOOL_CONVERSION = YES;
				CLANG_WARN_COMMA = YES;
				CLANG_WARN_CONSTANT_CONVERSION = YES;
				CLANG_WARN_DEPRECATED_OBJC_IMPLEMENTATIONS = YES;
				CLANG_WARN_DIRECT_OBJC_ISA_USAGE = YES_ERROR;
				CLANG_WARN_DOCUMENTATION_COMMENTS = YES;
				CLANG_WARN_EMPTY_BODY = YES;
				CLANG_WARN_ENUM_CONVERSION = YES;
				CLANG_WARN_INFINITE_RECURSION = YES;
				CLANG_WARN_INT_CONVERSION = YES;
				CLANG_WARN_NON_LITERAL_NULL_CONVERSION = YES;
				CLANG_WARN_OBJC_IMPLICIT_RETAIN_SELF = YES;
				CLANG_WARN_OBJC_LITERAL_CONVERSION = YES;
				CLANG_WARN_OBJC_ROOT_CLASS = YES_ERROR;
				CLANG_WARN_RANGE_LOOP_ANALYSIS = YES;
				CLANG_WARN_STRICT_PROTOTYPES = YES;
				CLANG_WARN_SUSPICIOUS_MOVE = YES;
				CLANG_WARN_UNGUARDED_AVAILABILITY = YES_AGGRESSIVE;
				CLANG_WARN_UNREACHABLE_CODE = YES;
				CLANG_WARN__DUPLICATE_METHOD_MATCH = YES;
				CODE_SIGN_IDENTITY = "iPhone Developer";
				COPY_PHASE_STRIP = NO;
				DEBUG_INFORMATION_FORMAT = "dwarf-with-dsym";
				ENABLE_NS_ASSERTIONS = NO;
				ENABLE_STRICT_OBJC_MSGSEND = YES;
				GCC_C_LANGUAGE_STANDARD = gnu11;
				GCC_NO_COMMON_BLOCKS = YES;
				GCC_WARN_64_TO_32_BIT_CONVERSION = YES;
				GCC_WARN_ABOUT_RETURN_TYPE = YES_ERROR;
				GCC_WARN_UNDECLARED_SELECTOR = YES;
				GCC_WARN_UNINITIALIZED_AUTOS = YES_AGGRESSIVE;
				GCC_WARN_UNUSED_FUNCTION = YES;
				GCC_WARN_UNUSED_VARIABLE = YES;
				IPHONEOS_DEPLOYMENT_TARGET = 12.2;
				MTL_ENABLE_DEBUG_INFO = NO;
				MTL_FAST_MATH = YES;
				SDKROOT = iphoneos;
				SWIFT_COMPILATION_MODE = wholemodule;
				SWIFT_OPTIMIZATION_LEVEL = "-O";
				VALIDATE_PRODUCT = YES;
			};
			name = Release;
		};
		18815CBB22C3F3ED0030B36C /* Debug */ = {
			isa = XCBuildConfiguration;
			buildSettings = {
				ASSETCATALOG_COMPILER_APPICON_NAME = AppIcon;
				CODE_SIGN_STYLE = Automatic;
				INFOPLIST_FILE = "gotMovies?/Info.plist";
				LD_RUNPATH_SEARCH_PATHS = (
					"$(inherited)",
					"@executable_path/Frameworks",
				);
				PRODUCT_BUNDLE_IDENTIFIER = "KG.gotMovies-";
				PRODUCT_NAME = "$(TARGET_NAME)";
				SWIFT_VERSION = 5.0;
				TARGETED_DEVICE_FAMILY = "1,2";
			};
			name = Debug;
		};
		18815CBC22C3F3ED0030B36C /* Release */ = {
			isa = XCBuildConfiguration;
			buildSettings = {
				ASSETCATALOG_COMPILER_APPICON_NAME = AppIcon;
				CODE_SIGN_STYLE = Automatic;
				INFOPLIST_FILE = "gotMovies?/Info.plist";
				LD_RUNPATH_SEARCH_PATHS = (
					"$(inherited)",
					"@executable_path/Frameworks",
				);
				PRODUCT_BUNDLE_IDENTIFIER = "KG.gotMovies-";
				PRODUCT_NAME = "$(TARGET_NAME)";
				SWIFT_VERSION = 5.0;
				TARGETED_DEVICE_FAMILY = "1,2";
			};
			name = Release;
		};
		18815CBE22C3F3ED0030B36C /* Debug */ = {
			isa = XCBuildConfiguration;
			buildSettings = {
				ALWAYS_EMBED_SWIFT_STANDARD_LIBRARIES = YES;
				BUNDLE_LOADER = "$(TEST_HOST)";
				CODE_SIGN_STYLE = Automatic;
				INFOPLIST_FILE = "gotMovies?Tests/Info.plist";
				LD_RUNPATH_SEARCH_PATHS = (
					"$(inherited)",
					"@executable_path/Frameworks",
					"@loader_path/Frameworks",
				);
				PRODUCT_BUNDLE_IDENTIFIER = "KG.gotMovies-Tests";
				PRODUCT_NAME = "$(TARGET_NAME)";
				SWIFT_VERSION = 5.0;
				TARGETED_DEVICE_FAMILY = "1,2";
				TEST_HOST = "$(BUILT_PRODUCTS_DIR)/gotMovies?.app/gotMovies?";
			};
			name = Debug;
		};
		18815CBF22C3F3ED0030B36C /* Release */ = {
			isa = XCBuildConfiguration;
			buildSettings = {
				ALWAYS_EMBED_SWIFT_STANDARD_LIBRARIES = YES;
				BUNDLE_LOADER = "$(TEST_HOST)";
				CODE_SIGN_STYLE = Automatic;
				INFOPLIST_FILE = "gotMovies?Tests/Info.plist";
				LD_RUNPATH_SEARCH_PATHS = (
					"$(inherited)",
					"@executable_path/Frameworks",
					"@loader_path/Frameworks",
				);
				PRODUCT_BUNDLE_IDENTIFIER = "KG.gotMovies-Tests";
				PRODUCT_NAME = "$(TARGET_NAME)";
				SWIFT_VERSION = 5.0;
				TARGETED_DEVICE_FAMILY = "1,2";
				TEST_HOST = "$(BUILT_PRODUCTS_DIR)/gotMovies?.app/gotMovies?";
			};
			name = Release;
		};
		18815CC122C3F3ED0030B36C /* Debug */ = {
			isa = XCBuildConfiguration;
			buildSettings = {
				ALWAYS_EMBED_SWIFT_STANDARD_LIBRARIES = YES;
				CODE_SIGN_STYLE = Automatic;
				INFOPLIST_FILE = "gotMovies?UITests/Info.plist";
				LD_RUNPATH_SEARCH_PATHS = (
					"$(inherited)",
					"@executable_path/Frameworks",
					"@loader_path/Frameworks",
				);
				PRODUCT_BUNDLE_IDENTIFIER = "KG.gotMovies-UITests";
				PRODUCT_NAME = "$(TARGET_NAME)";
				SWIFT_VERSION = 5.0;
				TARGETED_DEVICE_FAMILY = "1,2";
				TEST_TARGET_NAME = "gotMovies?";
			};
			name = Debug;
		};
		18815CC222C3F3ED0030B36C /* Release */ = {
			isa = XCBuildConfiguration;
			buildSettings = {
				ALWAYS_EMBED_SWIFT_STANDARD_LIBRARIES = YES;
				CODE_SIGN_STYLE = Automatic;
				INFOPLIST_FILE = "gotMovies?UITests/Info.plist";
				LD_RUNPATH_SEARCH_PATHS = (
					"$(inherited)",
					"@executable_path/Frameworks",
					"@loader_path/Frameworks",
				);
				PRODUCT_BUNDLE_IDENTIFIER = "KG.gotMovies-UITests";
				PRODUCT_NAME = "$(TARGET_NAME)";
				SWIFT_VERSION = 5.0;
				TARGETED_DEVICE_FAMILY = "1,2";
				TEST_TARGET_NAME = "gotMovies?";
			};
			name = Release;
		};
/* End XCBuildConfiguration section */

/* Begin XCConfigurationList section */
		18815C8A22C3F3EC0030B36C /* Build configuration list for PBXProject "gotMovies?" */ = {
			isa = XCConfigurationList;
			buildConfigurations = (
				18815CB822C3F3ED0030B36C /* Debug */,
				18815CB922C3F3ED0030B36C /* Release */,
			);
			defaultConfigurationIsVisible = 0;
			defaultConfigurationName = Release;
		};
		18815CBA22C3F3ED0030B36C /* Build configuration list for PBXNativeTarget "gotMovies?" */ = {
			isa = XCConfigurationList;
			buildConfigurations = (
				18815CBB22C3F3ED0030B36C /* Debug */,
				18815CBC22C3F3ED0030B36C /* Release */,
			);
			defaultConfigurationIsVisible = 0;
			defaultConfigurationName = Release;
		};
		18815CBD22C3F3ED0030B36C /* Build configuration list for PBXNativeTarget "gotMovies?Tests" */ = {
			isa = XCConfigurationList;
			buildConfigurations = (
				18815CBE22C3F3ED0030B36C /* Debug */,
				18815CBF22C3F3ED0030B36C /* Release */,
			);
			defaultConfigurationIsVisible = 0;
			defaultConfigurationName = Release;
		};
		18815CC022C3F3ED0030B36C /* Build configuration list for PBXNativeTarget "gotMovies?UITests" */ = {
			isa = XCConfigurationList;
			buildConfigurations = (
				18815CC122C3F3ED0030B36C /* Debug */,
				18815CC222C3F3ED0030B36C /* Release */,
			);
			defaultConfigurationIsVisible = 0;
			defaultConfigurationName = Release;
		};
/* End XCConfigurationList section */

/* Begin XCVersionGroup section */
		18815C9922C3F3EC0030B36C /* gotMovies_.xcdatamodeld */ = {
			isa = XCVersionGroup;
			children = (
				18815C9A22C3F3EC0030B36C /* gotMovies_.xcdatamodel */,
			);
			currentVersion = 18815C9A22C3F3EC0030B36C /* gotMovies_.xcdatamodel */;
			path = gotMovies_.xcdatamodeld;
			sourceTree = "<group>";
			versionGroupType = wrapper.xcdatamodel;
		};
/* End XCVersionGroup section */
	};
	rootObject = 18815C8722C3F3EC0030B36C /* Project object */;
}
